
Microsoft Visual Studio Solution File, Format Version 12.00
# Visual Studio Version 17
VisualStudioVersion = 17.14.36915.13 d17.14
MinimumVisualStudioVersion = 10.0.40219.1
Project("{FAE04EC0-301F-11D3-BF4B-00C04F79EFBC}") = "ABCRetailWeb", "ABCRetailWeb.csproj", "{21526EA3-E8DE-FA0F-AE15-196AC17F9A2C}"
EndProject
Global
	GlobalSection(SolutionConfigurationPlatforms) = preSolution
		Debug|Any CPU = Debug|Any CPU
		Release|Any CPU = Release|Any CPU
	EndGlobalSection
	GlobalSection(ProjectConfigurationPlatforms) = postSolution
		{21526EA3-E8DE-FA0F-AE15-196AC17F9A2C}.Debug|Any CPU.ActiveCfg = Debug|Any CPU
		{21526EA3-E8DE-FA0F-AE15-196AC17F9A2C}.Debug|Any CPU.Build.0 = Debug|Any CPU
		{21526EA3-E8DE-FA0F-AE15-196AC17F9A2C}.Release|Any CPU.ActiveCfg = Release|Any CPU
		{21526EA3-E8DE-FA0F-AE15-196AC17F9A2C}.Release|Any CPU.Build.0 = Release|Any CPU
	EndGlobalSection
	GlobalSection(SolutionProperties) = preSolution
		HideSolutionNode = FALSE
	EndGlobalSection
	GlobalSection(ExtensibilityGlobals) = postSolution
		SolutionGuid = {7B738983-36BD-4F15-8C02-487DEA941623}
	EndGlobalSection
EndGlobal
